
Microsoft Visual Studio Solution File, Format Version 12.00
Project("{FAE04EC0-301F-11D3-BF4B-00C04F79EFBC}") = "DevQuestions.Domain", "src\DevQuestions.Domain\DevQuestions.Domain.csproj", "{9E3B7BC6-BF16-4125-8BFC-73C54EC675D2}"
EndProject
Project("{2150E333-8FDC-42A3-9474-1A3956D46DE8}") = "src", "src", "{CC558C5E-CE9C-4695-95CC-B82B66124DD6}"
EndProject
Global
	GlobalSection(SolutionConfigurationPlatforms) = preSolution
		Debug|Any CPU = Debug|Any CPU
		Release|Any CPU = Release|Any CPU
	EndGlobalSection
	GlobalSection(ProjectConfigurationPlatforms) = postSolution
		{9E3B7BC6-BF16-4125-8BFC-73C54EC675D2}.Debug|Any CPU.ActiveCfg = Debug|Any CPU
		{9E3B7BC6-BF16-4125-8BFC-73C54EC675D2}.Debug|Any CPU.Build.0 = Debug|Any CPU
		{9E3B7BC6-BF16-4125-8BFC-73C54EC675D2}.Release|Any CPU.ActiveCfg = Release|Any CPU
		{9E3B7BC6-BF16-4125-8BFC-73C54EC675D2}.Release|Any CPU.Build.0 = Release|Any CPU
	EndGlobalSection
	GlobalSection(NestedProjects) = preSolution
		{9E3B7BC6-BF16-4125-8BFC-73C54EC675D2} = {CC558C5E-CE9C-4695-95CC-B82B66124DD6}
	EndGlobalSection
EndGlobal
