
Microsoft Visual Studio Solution File, Format Version 12.00
Project("{FAE04EC0-301F-11D3-BF4B-00C04F79EFBC}") = "DevQuestions.Domain", "src\DevQuestions.Domain\DevQuestions.Domain.csproj", "{9E3B7BC6-BF16-4125-8BFC-73C54EC675D2}"
EndProject
Project("{2150E333-8FDC-42A3-9474-1A3956D46DE8}") = "src", "src", "{CC558C5E-CE9C-4695-95CC-B82B66124DD6}"
EndProject
Project("{FAE04EC0-301F-11D3-BF4B-00C04F79EFBC}") = "DevQuestions.Web", "src\DevQuestions.Web\DevQuestions.Web.csproj", "{50F7F4B2-E242-4F64-81BE-82CBA5881EF1}"
EndProject
Project("{FAE04EC0-301F-11D3-BF4B-00C04F79EFBC}") = "DevQuestions.Presenters", "src\DevQuestions.Presenters\DevQuestions.Presenters.csproj", "{4CB78A9E-5F2A-4F3C-A243-7DB91945782C}"
EndProject
Project("{2150E333-8FDC-42A3-9474-1A3956D46DE8}") = "Solution Items", "Solution Items", "{83B641BD-18AC-4269-ABB6-118B63BF5FCD}"
	ProjectSection(SolutionItems) = preProject
		Directory.Build.props = Directory.Build.props
		.editorconfig = .editorconfig
	EndProjectSection
EndProject
Project("{FAE04EC0-301F-11D3-BF4B-00C04F79EFBC}") = "DevQuestion.Contracts", "src\DevQuestion.Contracts\DevQuestion.Contracts.csproj", "{5FC9ADA9-66D0-458B-92EC-D439225B6151}"
EndProject
Project("{FAE04EC0-301F-11D3-BF4B-00C04F79EFBC}") = "DevQuestions.Application", "src\DevQuestions.Application\DevQuestions.Application.csproj", "{928E1F62-B048-4598-93B6-4B26866EECCB}"
EndProject
Project("{FAE04EC0-301F-11D3-BF4B-00C04F79EFBC}") = "DevQuestion.Infrastructure.Postgres", "src\DevQuestion.Infrastructure.Postgres\DevQuestion.Infrastructure.Postgres.csproj", "{0F1204D6-54FA-4CD6-A7DD-E43DEB681360}"
EndProject
Project("{FAE04EC0-301F-11D3-BF4B-00C04F79EFBC}") = "DevQuestion.Infrastructure.ElasticSearch", "DevQuestion.Infrastructure.ElasticSearch\DevQuestion.Infrastructure.ElasticSearch.csproj", "{0278657E-D0BF-4418-BAE3-EFE58F3D431D}"
EndProject
Project("{FAE04EC0-301F-11D3-BF4B-00C04F79EFBC}") = "DevQuestions.Infrastructure.S3", "DevQuestions.Infrastructure.S3\DevQuestions.Infrastructure.S3.csproj", "{5279F981-4F9D-49CA-A488-A9D91A31901C}"
EndProject
Project("{FAE04EC0-301F-11D3-BF4B-00C04F79EFBC}") = "Shared", "src\Shared\Shared.csproj", "{4CA4F16B-3D40-4586-BB90-6C5B9C37203B}"
EndProject
Project("{FAE04EC0-301F-11D3-BF4B-00C04F79EFBC}") = "DevQuestions.Infrastructure.Communication", "src\DevQuestions.Infrastructure.Communication\DevQuestions.Infrastructure.Communication.csproj", "{A0B1F4D7-A92E-4662-A571-6A82A1838F5E}"
EndProject
Global
	GlobalSection(SolutionConfigurationPlatforms) = preSolution
		Debug|Any CPU = Debug|Any CPU
		Release|Any CPU = Release|Any CPU
	EndGlobalSection
	GlobalSection(ProjectConfigurationPlatforms) = postSolution
		{9E3B7BC6-BF16-4125-8BFC-73C54EC675D2}.Debug|Any CPU.ActiveCfg = Debug|Any CPU
		{9E3B7BC6-BF16-4125-8BFC-73C54EC675D2}.Debug|Any CPU.Build.0 = Debug|Any CPU
		{9E3B7BC6-BF16-4125-8BFC-73C54EC675D2}.Release|Any CPU.ActiveCfg = Release|Any CPU
		{9E3B7BC6-BF16-4125-8BFC-73C54EC675D2}.Release|Any CPU.Build.0 = Release|Any CPU
		{50F7F4B2-E242-4F64-81BE-82CBA5881EF1}.Debug|Any CPU.ActiveCfg = Debug|Any CPU
		{50F7F4B2-E242-4F64-81BE-82CBA5881EF1}.Debug|Any CPU.Build.0 = Debug|Any CPU
		{50F7F4B2-E242-4F64-81BE-82CBA5881EF1}.Release|Any CPU.ActiveCfg = Release|Any CPU
		{50F7F4B2-E242-4F64-81BE-82CBA5881EF1}.Release|Any CPU.Build.0 = Release|Any CPU
		{4CB78A9E-5F2A-4F3C-A243-7DB91945782C}.Debug|Any CPU.ActiveCfg = Debug|Any CPU
		{4CB78A9E-5F2A-4F3C-A243-7DB91945782C}.Debug|Any CPU.Build.0 = Debug|Any CPU
		{4CB78A9E-5F2A-4F3C-A243-7DB91945782C}.Release|Any CPU.ActiveCfg = Release|Any CPU
		{4CB78A9E-5F2A-4F3C-A243-7DB91945782C}.Release|Any CPU.Build.0 = Release|Any CPU
		{5FC9ADA9-66D0-458B-92EC-D439225B6151}.Debug|Any CPU.ActiveCfg = Debug|Any CPU
		{5FC9ADA9-66D0-458B-92EC-D439225B6151}.Debug|Any CPU.Build.0 = Debug|Any CPU
		{5FC9ADA9-66D0-458B-92EC-D439225B6151}.Release|Any CPU.ActiveCfg = Release|Any CPU
		{5FC9ADA9-66D0-458B-92EC-D439225B6151}.Release|Any CPU.Build.0 = Release|Any CPU
		{928E1F62-B048-4598-93B6-4B26866EECCB}.Debug|Any CPU.ActiveCfg = Debug|Any CPU
		{928E1F62-B048-4598-93B6-4B26866EECCB}.Debug|Any CPU.Build.0 = Debug|Any CPU
		{928E1F62-B048-4598-93B6-4B26866EECCB}.Release|Any CPU.ActiveCfg = Release|Any CPU
		{928E1F62-B048-4598-93B6-4B26866EECCB}.Release|Any CPU.Build.0 = Release|Any CPU
		{0F1204D6-54FA-4CD6-A7DD-E43DEB681360}.Debug|Any CPU.ActiveCfg = Debug|Any CPU
		{0F1204D6-54FA-4CD6-A7DD-E43DEB681360}.Debug|Any CPU.Build.0 = Debug|Any CPU
		{0F1204D6-54FA-4CD6-A7DD-E43DEB681360}.Release|Any CPU.ActiveCfg = Release|Any CPU
		{0F1204D6-54FA-4CD6-A7DD-E43DEB681360}.Release|Any CPU.Build.0 = Release|Any CPU
		{0278657E-D0BF-4418-BAE3-EFE58F3D431D}.Debug|Any CPU.ActiveCfg = Debug|Any CPU
		{0278657E-D0BF-4418-BAE3-EFE58F3D431D}.Debug|Any CPU.Build.0 = Debug|Any CPU
		{0278657E-D0BF-4418-BAE3-EFE58F3D431D}.Release|Any CPU.ActiveCfg = Release|Any CPU
		{0278657E-D0BF-4418-BAE3-EFE58F3D431D}.Release|Any CPU.Build.0 = Release|Any CPU
		{5279F981-4F9D-49CA-A488-A9D91A31901C}.Debug|Any CPU.ActiveCfg = Debug|Any CPU
		{5279F981-4F9D-49CA-A488-A9D91A31901C}.Debug|Any CPU.Build.0 = Debug|Any CPU
		{5279F981-4F9D-49CA-A488-A9D91A31901C}.Release|Any CPU.ActiveCfg = Release|Any CPU
		{5279F981-4F9D-49CA-A488-A9D91A31901C}.Release|Any CPU.Build.0 = Release|Any CPU
		{4CA4F16B-3D40-4586-BB90-6C5B9C37203B}.Debug|Any CPU.ActiveCfg = Debug|Any CPU
		{4CA4F16B-3D40-4586-BB90-6C5B9C37203B}.Debug|Any CPU.Build.0 = Debug|Any CPU
		{4CA4F16B-3D40-4586-BB90-6C5B9C37203B}.Release|Any CPU.ActiveCfg = Release|Any CPU
		{4CA4F16B-3D40-4586-BB90-6C5B9C37203B}.Release|Any CPU.Build.0 = Release|Any CPU
		{A0B1F4D7-A92E-4662-A571-6A82A1838F5E}.Debug|Any CPU.ActiveCfg = Debug|Any CPU
		{A0B1F4D7-A92E-4662-A571-6A82A1838F5E}.Debug|Any CPU.Build.0 = Debug|Any CPU
		{A0B1F4D7-A92E-4662-A571-6A82A1838F5E}.Release|Any CPU.ActiveCfg = Release|Any CPU
		{A0B1F4D7-A92E-4662-A571-6A82A1838F5E}.Release|Any CPU.Build.0 = Release|Any CPU
	EndGlobalSection
	GlobalSection(NestedProjects) = preSolution
		{9E3B7BC6-BF16-4125-8BFC-73C54EC675D2} = {CC558C5E-CE9C-4695-95CC-B82B66124DD6}
		{50F7F4B2-E242-4F64-81BE-82CBA5881EF1} = {CC558C5E-CE9C-4695-95CC-B82B66124DD6}
		{4CB78A9E-5F2A-4F3C-A243-7DB91945782C} = {CC558C5E-CE9C-4695-95CC-B82B66124DD6}
		{5FC9ADA9-66D0-458B-92EC-D439225B6151} = {CC558C5E-CE9C-4695-95CC-B82B66124DD6}
		{928E1F62-B048-4598-93B6-4B26866EECCB} = {CC558C5E-CE9C-4695-95CC-B82B66124DD6}
		{0F1204D6-54FA-4CD6-A7DD-E43DEB681360} = {CC558C5E-CE9C-4695-95CC-B82B66124DD6}
		{0278657E-D0BF-4418-BAE3-EFE58F3D431D} = {CC558C5E-CE9C-4695-95CC-B82B66124DD6}
		{5279F981-4F9D-49CA-A488-A9D91A31901C} = {CC558C5E-CE9C-4695-95CC-B82B66124DD6}
		{4CA4F16B-3D40-4586-BB90-6C5B9C37203B} = {CC558C5E-CE9C-4695-95CC-B82B66124DD6}
		{A0B1F4D7-A92E-4662-A571-6A82A1838F5E} = {CC558C5E-CE9C-4695-95CC-B82B66124DD6}
	EndGlobalSection
EndGlobal
