
Microsoft Visual Studio Solution File, Format Version 12.00
Project("{2150E333-8FDC-42A3-9474-1A3956D46DE8}") = "src", "src", "{CC558C5E-CE9C-4695-95CC-B82B66124DD6}"
EndProject
Project("{FAE04EC0-301F-11D3-BF4B-00C04F79EFBC}") = "Web", "src\Web\Web.csproj", "{50F7F4B2-E242-4F64-81BE-82CBA5881EF1}"
EndProject
Project("{2150E333-8FDC-42A3-9474-1A3956D46DE8}") = "Solution Items", "Solution Items", "{83B641BD-18AC-4269-ABB6-118B63BF5FCD}"
	ProjectSection(SolutionItems) = preProject
		Directory.Build.props = Directory.Build.props
		.editorconfig = .editorconfig
	EndProjectSection
EndProject
Project("{2150E333-8FDC-42A3-9474-1A3956D46DE8}") = "Questions", "Questions", "{10BE6238-0361-46A3-B005-540A69CEF4EC}"
EndProject
Project("{2150E333-8FDC-42A3-9474-1A3956D46DE8}") = "Tags", "Tags", "{F7623A3A-C4DB-4F28-B9BD-ECFC5483DD0E}"
EndProject
Project("{FAE04EC0-301F-11D3-BF4B-00C04F79EFBC}") = "Questions.Domain", "src\Questions\Questions.Domain\Questions.Domain.csproj", "{88D3E4A5-7ABB-4C8F-AADC-E28987545203}"
EndProject
Project("{FAE04EC0-301F-11D3-BF4B-00C04F79EFBC}") = "Questions.Application", "src\Questions\Questions.Application\Questions.Application.csproj", "{79F9B019-1E3F-43A3-A6EA-09476CE01A37}"
EndProject
Project("{FAE04EC0-301F-11D3-BF4B-00C04F79EFBC}") = "Questions.Presenters", "src\Questions\Questions.Presenters\Questions.Presenters.csproj", "{82C47713-82CF-410F-88CC-7FF31CF16E76}"
EndProject
Project("{FAE04EC0-301F-11D3-BF4B-00C04F79EFBC}") = "Questions.Infrastructure.Postgres", "src\Questions\Questions.Infrastructure.Postgres\Questions.Infrastructure.Postgres.csproj", "{4CE18C67-AF17-4EF4-B1C7-BB16122AD052}"
EndProject
Project("{FAE04EC0-301F-11D3-BF4B-00C04F79EFBC}") = "Questions.Contracts", "src\Questions\Questions.Contracts\Questions.Contracts.csproj", "{515AC8C4-F333-4D7C-AFE8-B6DA71175057}"
EndProject
Project("{FAE04EC0-301F-11D3-BF4B-00C04F79EFBC}") = "Tags", "src\Tags\Tags\Tags.csproj", "{49924A98-537D-4B54-ABAD-13FF0F7167BD}"
EndProject
Project("{2150E333-8FDC-42A3-9474-1A3956D46DE8}") = "Reports", "Reports", "{DAC2A3F1-1A0F-4068-B4BD-C0A2503BECA3}"
EndProject
Project("{2150E333-8FDC-42A3-9474-1A3956D46DE8}") = "Comments", "Comments", "{3B492B1E-0CEB-4C77-BB56-1330D19E91A6}"
EndProject
Project("{FAE04EC0-301F-11D3-BF4B-00C04F79EFBC}") = "Reports", "src\Reports\Reports\Reports.csproj", "{223DA403-6E2D-40AE-AE83-FB791AE2F127}"
EndProject
Project("{FAE04EC0-301F-11D3-BF4B-00C04F79EFBC}") = "Comments", "src\Comments\Comments\Comments.csproj", "{67587AC6-10FD-4995-8D72-55012CF41538}"
EndProject
Project("{2150E333-8FDC-42A3-9474-1A3956D46DE8}") = "Core", "Core", "{440DB113-A4AF-4427-AEB4-5DF6F9F6BF98}"
EndProject
Project("{FAE04EC0-301F-11D3-BF4B-00C04F79EFBC}") = "Shared", "src\Core\Shared\Shared.csproj", "{D19505C6-A2CC-432E-AF1F-7A8ED0E09529}"
EndProject
Project("{2150E333-8FDC-42A3-9474-1A3956D46DE8}") = "Infrastructure", "Infrastructure", "{8E186D59-8612-4B4A-97AE-23C9A3740A3A}"
EndProject
Project("{FAE04EC0-301F-11D3-BF4B-00C04F79EFBC}") = "Infrastructure.S3", "src\Core\Infrastructure\Infrastructure.S3\Infrastructure.S3.csproj", "{907FCE89-F099-4F99-9661-5E57AF49205A}"
EndProject
Project("{FAE04EC0-301F-11D3-BF4B-00C04F79EFBC}") = "Infrastructure.ElasticSearch", "src\Core\Infrastructure\Infrastructure.ElasticSearch\Infrastructure.ElasticSearch.csproj", "{01703FB4-995B-4871-B150-925811CF7407}"
EndProject
Project("{FAE04EC0-301F-11D3-BF4B-00C04F79EFBC}") = "Framework", "src\Core\Framework\Framework.csproj", "{31C16DC9-CAD7-44FA-9C04-5C8ACEB1829A}"
EndProject
Project("{FAE04EC0-301F-11D3-BF4B-00C04F79EFBC}") = "Tags.Contracts", "src\Tags\Tags.Contracts\Tags.Contracts.csproj", "{CA201896-F82A-4D16-BF7A-8A217A17DB6B}"
EndProject
Project("{FAE04EC0-301F-11D3-BF4B-00C04F79EFBC}") = "Tags.Presenters", "src\Tags\Tags.Presenters\Tags.Presenters.csproj", "{DAF4C12B-E1B8-4730-9CB8-C69511378A61}"
EndProject
Global
	GlobalSection(SolutionConfigurationPlatforms) = preSolution
		Debug|Any CPU = Debug|Any CPU
		Release|Any CPU = Release|Any CPU
	EndGlobalSection
	GlobalSection(ProjectConfigurationPlatforms) = postSolution
		{50F7F4B2-E242-4F64-81BE-82CBA5881EF1}.Debug|Any CPU.ActiveCfg = Debug|Any CPU
		{50F7F4B2-E242-4F64-81BE-82CBA5881EF1}.Debug|Any CPU.Build.0 = Debug|Any CPU
		{50F7F4B2-E242-4F64-81BE-82CBA5881EF1}.Release|Any CPU.ActiveCfg = Release|Any CPU
		{50F7F4B2-E242-4F64-81BE-82CBA5881EF1}.Release|Any CPU.Build.0 = Release|Any CPU
		{88D3E4A5-7ABB-4C8F-AADC-E28987545203}.Debug|Any CPU.ActiveCfg = Debug|Any CPU
		{88D3E4A5-7ABB-4C8F-AADC-E28987545203}.Debug|Any CPU.Build.0 = Debug|Any CPU
		{88D3E4A5-7ABB-4C8F-AADC-E28987545203}.Release|Any CPU.ActiveCfg = Release|Any CPU
		{88D3E4A5-7ABB-4C8F-AADC-E28987545203}.Release|Any CPU.Build.0 = Release|Any CPU
		{79F9B019-1E3F-43A3-A6EA-09476CE01A37}.Debug|Any CPU.ActiveCfg = Debug|Any CPU
		{79F9B019-1E3F-43A3-A6EA-09476CE01A37}.Debug|Any CPU.Build.0 = Debug|Any CPU
		{79F9B019-1E3F-43A3-A6EA-09476CE01A37}.Release|Any CPU.ActiveCfg = Release|Any CPU
		{79F9B019-1E3F-43A3-A6EA-09476CE01A37}.Release|Any CPU.Build.0 = Release|Any CPU
		{82C47713-82CF-410F-88CC-7FF31CF16E76}.Debug|Any CPU.ActiveCfg = Debug|Any CPU
		{82C47713-82CF-410F-88CC-7FF31CF16E76}.Debug|Any CPU.Build.0 = Debug|Any CPU
		{82C47713-82CF-410F-88CC-7FF31CF16E76}.Release|Any CPU.ActiveCfg = Release|Any CPU
		{82C47713-82CF-410F-88CC-7FF31CF16E76}.Release|Any CPU.Build.0 = Release|Any CPU
		{4CE18C67-AF17-4EF4-B1C7-BB16122AD052}.Debug|Any CPU.ActiveCfg = Debug|Any CPU
		{4CE18C67-AF17-4EF4-B1C7-BB16122AD052}.Debug|Any CPU.Build.0 = Debug|Any CPU
		{4CE18C67-AF17-4EF4-B1C7-BB16122AD052}.Release|Any CPU.ActiveCfg = Release|Any CPU
		{4CE18C67-AF17-4EF4-B1C7-BB16122AD052}.Release|Any CPU.Build.0 = Release|Any CPU
		{515AC8C4-F333-4D7C-AFE8-B6DA71175057}.Debug|Any CPU.ActiveCfg = Debug|Any CPU
		{515AC8C4-F333-4D7C-AFE8-B6DA71175057}.Debug|Any CPU.Build.0 = Debug|Any CPU
		{515AC8C4-F333-4D7C-AFE8-B6DA71175057}.Release|Any CPU.ActiveCfg = Release|Any CPU
		{515AC8C4-F333-4D7C-AFE8-B6DA71175057}.Release|Any CPU.Build.0 = Release|Any CPU
		{49924A98-537D-4B54-ABAD-13FF0F7167BD}.Debug|Any CPU.ActiveCfg = Debug|Any CPU
		{49924A98-537D-4B54-ABAD-13FF0F7167BD}.Debug|Any CPU.Build.0 = Debug|Any CPU
		{49924A98-537D-4B54-ABAD-13FF0F7167BD}.Release|Any CPU.ActiveCfg = Release|Any CPU
		{49924A98-537D-4B54-ABAD-13FF0F7167BD}.Release|Any CPU.Build.0 = Release|Any CPU
		{223DA403-6E2D-40AE-AE83-FB791AE2F127}.Debug|Any CPU.ActiveCfg = Debug|Any CPU
		{223DA403-6E2D-40AE-AE83-FB791AE2F127}.Debug|Any CPU.Build.0 = Debug|Any CPU
		{223DA403-6E2D-40AE-AE83-FB791AE2F127}.Release|Any CPU.ActiveCfg = Release|Any CPU
		{223DA403-6E2D-40AE-AE83-FB791AE2F127}.Release|Any CPU.Build.0 = Release|Any CPU
		{67587AC6-10FD-4995-8D72-55012CF41538}.Debug|Any CPU.ActiveCfg = Debug|Any CPU
		{67587AC6-10FD-4995-8D72-55012CF41538}.Debug|Any CPU.Build.0 = Debug|Any CPU
		{67587AC6-10FD-4995-8D72-55012CF41538}.Release|Any CPU.ActiveCfg = Release|Any CPU
		{67587AC6-10FD-4995-8D72-55012CF41538}.Release|Any CPU.Build.0 = Release|Any CPU
		{D19505C6-A2CC-432E-AF1F-7A8ED0E09529}.Debug|Any CPU.ActiveCfg = Debug|Any CPU
		{D19505C6-A2CC-432E-AF1F-7A8ED0E09529}.Debug|Any CPU.Build.0 = Debug|Any CPU
		{D19505C6-A2CC-432E-AF1F-7A8ED0E09529}.Release|Any CPU.ActiveCfg = Release|Any CPU
		{D19505C6-A2CC-432E-AF1F-7A8ED0E09529}.Release|Any CPU.Build.0 = Release|Any CPU
		{907FCE89-F099-4F99-9661-5E57AF49205A}.Debug|Any CPU.ActiveCfg = Debug|Any CPU
		{907FCE89-F099-4F99-9661-5E57AF49205A}.Debug|Any CPU.Build.0 = Debug|Any CPU
		{907FCE89-F099-4F99-9661-5E57AF49205A}.Release|Any CPU.ActiveCfg = Release|Any CPU
		{907FCE89-F099-4F99-9661-5E57AF49205A}.Release|Any CPU.Build.0 = Release|Any CPU
		{01703FB4-995B-4871-B150-925811CF7407}.Debug|Any CPU.ActiveCfg = Debug|Any CPU
		{01703FB4-995B-4871-B150-925811CF7407}.Debug|Any CPU.Build.0 = Debug|Any CPU
		{01703FB4-995B-4871-B150-925811CF7407}.Release|Any CPU.ActiveCfg = Release|Any CPU
		{01703FB4-995B-4871-B150-925811CF7407}.Release|Any CPU.Build.0 = Release|Any CPU
		{31C16DC9-CAD7-44FA-9C04-5C8ACEB1829A}.Debug|Any CPU.ActiveCfg = Debug|Any CPU
		{31C16DC9-CAD7-44FA-9C04-5C8ACEB1829A}.Debug|Any CPU.Build.0 = Debug|Any CPU
		{31C16DC9-CAD7-44FA-9C04-5C8ACEB1829A}.Release|Any CPU.ActiveCfg = Release|Any CPU
		{31C16DC9-CAD7-44FA-9C04-5C8ACEB1829A}.Release|Any CPU.Build.0 = Release|Any CPU
		{CA201896-F82A-4D16-BF7A-8A217A17DB6B}.Debug|Any CPU.ActiveCfg = Debug|Any CPU
		{CA201896-F82A-4D16-BF7A-8A217A17DB6B}.Debug|Any CPU.Build.0 = Debug|Any CPU
		{CA201896-F82A-4D16-BF7A-8A217A17DB6B}.Release|Any CPU.ActiveCfg = Release|Any CPU
		{CA201896-F82A-4D16-BF7A-8A217A17DB6B}.Release|Any CPU.Build.0 = Release|Any CPU
		{DAF4C12B-E1B8-4730-9CB8-C69511378A61}.Debug|Any CPU.ActiveCfg = Debug|Any CPU
		{DAF4C12B-E1B8-4730-9CB8-C69511378A61}.Debug|Any CPU.Build.0 = Debug|Any CPU
		{DAF4C12B-E1B8-4730-9CB8-C69511378A61}.Release|Any CPU.ActiveCfg = Release|Any CPU
		{DAF4C12B-E1B8-4730-9CB8-C69511378A61}.Release|Any CPU.Build.0 = Release|Any CPU
	EndGlobalSection
	GlobalSection(NestedProjects) = preSolution
		{50F7F4B2-E242-4F64-81BE-82CBA5881EF1} = {CC558C5E-CE9C-4695-95CC-B82B66124DD6}
		{10BE6238-0361-46A3-B005-540A69CEF4EC} = {CC558C5E-CE9C-4695-95CC-B82B66124DD6}
		{F7623A3A-C4DB-4F28-B9BD-ECFC5483DD0E} = {CC558C5E-CE9C-4695-95CC-B82B66124DD6}
		{88D3E4A5-7ABB-4C8F-AADC-E28987545203} = {10BE6238-0361-46A3-B005-540A69CEF4EC}
		{79F9B019-1E3F-43A3-A6EA-09476CE01A37} = {10BE6238-0361-46A3-B005-540A69CEF4EC}
		{82C47713-82CF-410F-88CC-7FF31CF16E76} = {10BE6238-0361-46A3-B005-540A69CEF4EC}
		{4CE18C67-AF17-4EF4-B1C7-BB16122AD052} = {10BE6238-0361-46A3-B005-540A69CEF4EC}
		{515AC8C4-F333-4D7C-AFE8-B6DA71175057} = {10BE6238-0361-46A3-B005-540A69CEF4EC}
		{49924A98-537D-4B54-ABAD-13FF0F7167BD} = {F7623A3A-C4DB-4F28-B9BD-ECFC5483DD0E}
		{DAC2A3F1-1A0F-4068-B4BD-C0A2503BECA3} = {CC558C5E-CE9C-4695-95CC-B82B66124DD6}
		{3B492B1E-0CEB-4C77-BB56-1330D19E91A6} = {CC558C5E-CE9C-4695-95CC-B82B66124DD6}
		{223DA403-6E2D-40AE-AE83-FB791AE2F127} = {DAC2A3F1-1A0F-4068-B4BD-C0A2503BECA3}
		{67587AC6-10FD-4995-8D72-55012CF41538} = {3B492B1E-0CEB-4C77-BB56-1330D19E91A6}
		{440DB113-A4AF-4427-AEB4-5DF6F9F6BF98} = {CC558C5E-CE9C-4695-95CC-B82B66124DD6}
		{D19505C6-A2CC-432E-AF1F-7A8ED0E09529} = {440DB113-A4AF-4427-AEB4-5DF6F9F6BF98}
		{8E186D59-8612-4B4A-97AE-23C9A3740A3A} = {440DB113-A4AF-4427-AEB4-5DF6F9F6BF98}
		{907FCE89-F099-4F99-9661-5E57AF49205A} = {8E186D59-8612-4B4A-97AE-23C9A3740A3A}
		{01703FB4-995B-4871-B150-925811CF7407} = {8E186D59-8612-4B4A-97AE-23C9A3740A3A}
		{31C16DC9-CAD7-44FA-9C04-5C8ACEB1829A} = {440DB113-A4AF-4427-AEB4-5DF6F9F6BF98}
		{CA201896-F82A-4D16-BF7A-8A217A17DB6B} = {F7623A3A-C4DB-4F28-B9BD-ECFC5483DD0E}
		{DAF4C12B-E1B8-4730-9CB8-C69511378A61} = {F7623A3A-C4DB-4F28-B9BD-ECFC5483DD0E}
	EndGlobalSection
EndGlobal
